
Microsoft Visual Studio Solution File, Format Version 12.00
# Visual Studio 15
VisualStudioVersion = 15.0.28010.2026
MinimumVisualStudioVersion = 10.0.40219.1
Project("{FAE04EC0-301F-11D3-BF4B-00C04F79EFBC}") = "PetProject2", "PetProject2\PetProject2.csproj", "{52EEDD91-F3BF-402F-A85E-37B2CFB556E0}"
EndProject
Project("{FAE04EC0-301F-11D3-BF4B-00C04F79EFBC}") = "PetProject2.Test", "PetProject2.Test\PetProject2.Test.csproj", "{19BD1573-DE14-45F4-B95B-353121ACFE21}"
EndProject
Global
	GlobalSection(SolutionConfigurationPlatforms) = preSolution
		Debug|Any CPU = Debug|Any CPU
		Release|Any CPU = Release|Any CPU
	EndGlobalSection
	GlobalSection(ProjectConfigurationPlatforms) = postSolution
		{52EEDD91-F3BF-402F-A85E-37B2CFB556E0}.Debug|Any CPU.ActiveCfg = Debug|Any CPU
		{52EEDD91-F3BF-402F-A85E-37B2CFB556E0}.Debug|Any CPU.Build.0 = Debug|Any CPU
		{52EEDD91-F3BF-402F-A85E-37B2CFB556E0}.Release|Any CPU.ActiveCfg = Release|Any CPU
		{52EEDD91-F3BF-402F-A85E-37B2CFB556E0}.Release|Any CPU.Build.0 = Release|Any CPU
		{19BD1573-DE14-45F4-B95B-353121ACFE21}.Debug|Any CPU.ActiveCfg = Debug|Any CPU
		{19BD1573-DE14-45F4-B95B-353121ACFE21}.Debug|Any CPU.Build.0 = Debug|Any CPU
		{19BD1573-DE14-45F4-B95B-353121ACFE21}.Release|Any CPU.ActiveCfg = Release|Any CPU
		{19BD1573-DE14-45F4-B95B-353121ACFE21}.Release|Any CPU.Build.0 = Release|Any CPU
	EndGlobalSection
	GlobalSection(SolutionProperties) = preSolution
		HideSolutionNode = FALSE
	EndGlobalSection
	GlobalSection(ExtensibilityGlobals) = postSolution
		SolutionGuid = {161CF610-1357-4324-8A64-A4C4CC2C619B}
	EndGlobalSection
EndGlobal
